
Microsoft Visual Studio Solution File, Format Version 12.00
# Visual Studio Version 17
VisualStudioVersion = 17.9.34607.119
MinimumVisualStudioVersion = 10.0.40219.1
Project("{FAE04EC0-301F-11D3-BF4B-00C04F79EFBC}") = "test_app_IpCheck", "test_app_IpCheck\test_app_IpCheck.csproj", "{3C23A1F3-67C2-408D-84C7-35C0CDE2D832}"
EndProject
Global
	GlobalSection(SolutionConfigurationPlatforms) = preSolution
		Debug|Any CPU = Debug|Any CPU
		Release|Any CPU = Release|Any CPU
	EndGlobalSection
	GlobalSection(ProjectConfigurationPlatforms) = postSolution
		{3C23A1F3-67C2-408D-84C7-35C0CDE2D832}.Debug|Any CPU.ActiveCfg = Debug|Any CPU
		{3C23A1F3-67C2-408D-84C7-35C0CDE2D832}.Debug|Any CPU.Build.0 = Debug|Any CPU
		{3C23A1F3-67C2-408D-84C7-35C0CDE2D832}.Release|Any CPU.ActiveCfg = Release|Any CPU
		{3C23A1F3-67C2-408D-84C7-35C0CDE2D832}.Release|Any CPU.Build.0 = Release|Any CPU
	EndGlobalSection
	GlobalSection(SolutionProperties) = preSolution
		HideSolutionNode = FALSE
	EndGlobalSection
	GlobalSection(ExtensibilityGlobals) = postSolution
		SolutionGuid = {7E5EDB9F-003A-47F9-849C-F8F4D0E1E05B}
	EndGlobalSection
EndGlobal
